
Microsoft Visual Studio Solution File, Format Version 12.00
# Visual Studio Version 16
VisualStudioVersion = 16.0.29209.62
MinimumVisualStudioVersion = 10.0.40219.1
Project("{FAE04EC0-301F-11D3-BF4B-00C04F79EFBC}") = "WindowsFormsApp1", "WindowsFormsApp1\WindowsFormsApp1.csproj", "{883AD3D2-BCB5-47DC-93C2-E69D2CF0B606}"
EndProject
Global
	GlobalSection(SolutionConfigurationPlatforms) = preSolution
		Debug|Any CPU = Debug|Any CPU
		Release|Any CPU = Release|Any CPU
	EndGlobalSection
	GlobalSection(ProjectConfigurationPlatforms) = postSolution
		{883AD3D2-BCB5-47DC-93C2-E69D2CF0B606}.Debug|Any CPU.ActiveCfg = Debug|Any CPU
		{883AD3D2-BCB5-47DC-93C2-E69D2CF0B606}.Debug|Any CPU.Build.0 = Debug|Any CPU
		{883AD3D2-BCB5-47DC-93C2-E69D2CF0B606}.Release|Any CPU.ActiveCfg = Release|Any CPU
		{883AD3D2-BCB5-47DC-93C2-E69D2CF0B606}.Release|Any CPU.Build.0 = Release|Any CPU
	EndGlobalSection
	GlobalSection(SolutionProperties) = preSolution
		HideSolutionNode = FALSE
	EndGlobalSection
	GlobalSection(ExtensibilityGlobals) = postSolution
		SolutionGuid = {BEBD78E2-4DD0-47C4-B9D7-71352397EF24}
	EndGlobalSection
EndGlobal
